
Microsoft Visual Studio Solution File, Format Version 12.00
# Visual Studio 15
Project("{FAE04EC0-301F-11D3-BF4B-00C04F79EFBC}") = "Assembly-CSharp", "Assembly-CSharp.csproj", "{D15034E1-1404-6B53-3A3A-3C09AC7F48DB}"
EndProject
Project("{FAE04EC0-301F-11D3-BF4B-00C04F79EFBC}") = "Assembly-CSharp", "Assembly-CSharp.Player.csproj", "{3BB2AA68-D09F-0E00-4458-4F3C1BB74DA4}"
EndProject
Global
	GlobalSection(SolutionConfigurationPlatforms) = preSolution
		Debug|Any CPU = Debug|Any CPU
		Release|Any CPU = Release|Any CPU
	EndGlobalSection
	GlobalSection(ProjectConfigurationPlatforms) = postSolution
		{D15034E1-1404-6B53-3A3A-3C09AC7F48DB}.Debug|Any CPU.ActiveCfg = Debug|Any CPU
		{D15034E1-1404-6B53-3A3A-3C09AC7F48DB}.Debug|Any CPU.Build.0 = Debug|Any CPU
		{D15034E1-1404-6B53-3A3A-3C09AC7F48DB}.Release|Any CPU.ActiveCfg = Release|Any CPU
		{D15034E1-1404-6B53-3A3A-3C09AC7F48DB}.Release|Any CPU.Build.0 = Release|Any CPU
		{3BB2AA68-D09F-0E00-4458-4F3C1BB74DA4}.Debug|Any CPU.ActiveCfg = Debug|Any CPU
		{3BB2AA68-D09F-0E00-4458-4F3C1BB74DA4}.Debug|Any CPU.Build.0 = Debug|Any CPU
		{3BB2AA68-D09F-0E00-4458-4F3C1BB74DA4}.Release|Any CPU.ActiveCfg = Release|Any CPU
		{3BB2AA68-D09F-0E00-4458-4F3C1BB74DA4}.Release|Any CPU.Build.0 = Release|Any CPU
	EndGlobalSection
	GlobalSection(SolutionProperties) = preSolution
		HideSolutionNode = FALSE
	EndGlobalSection
EndGlobal
